
Microsoft Visual Studio Solution File, Format Version 12.00
# Visual Studio Version 17
VisualStudioVersion = 17.5.2.0
MinimumVisualStudioVersion = 10.0.40219.1
Project("{9A19103F-16F7-4668-BE54-9A1E7A4F7556}") = "MDiceV2.Core", "MDiceV2.Core\MDiceV2.Core.csproj", "{1D35CA5E-0061-F067-17B7-DFA6F3758F45}"
EndProject
Project("{9A19103F-16F7-4668-BE54-9A1E7A4F7556}") = "MDiceV2.Launcher", "MDiceV2.Launcher\MDiceV2.Launcher.csproj", "{3D35CA5E-0061-F067-17B7-DFA6F3758F45}"
EndProject
Project("{9A19103F-16F7-4668-BE54-9A1E7A4F7556}") = "MDiceV2.Abstractions", "MDiceV2.Abstractions\MDiceV2.Abstractions.csproj", "{4D35CA5E-0061-F067-17B7-DFA6F3758F45}"
EndProject
Project("{9A19103F-16F7-4668-BE54-9A1E7A4F7556}") = "MDiceV2.Console", "MDiceV2.Console\MDiceV2.Console.csproj", "{5D35CA5E-0061-F067-17B7-DFA6F3758F45}"
EndProject
Project("{9A19103F-16F7-4668-BE54-9A1E7A4F7556}") = "MDiceV2.Tests", "MDiceV2.Tests\MDiceV2.Tests.csproj", "{6D35CA5E-0061-F067-17B7-DFA6F3758F45}"
EndProject
Project("{2150E333-8FDC-42A3-9474-1A3956D46DE8}") = "Mods", "Mods", "{ED7DE66D-1FF1-BCCD-393E-2D4AFCA661A0}"
EndProject
Project("{FAE04EC0-301F-11D3-BF4B-00C04F79EFBC}") = "AIMod", "Mods\AIMod\AIMod.csproj", "{7544B6AE-E6F3-46AB-A057-772F759DB4FC}"
EndProject
Project("{FAE04EC0-301F-11D3-BF4B-00C04F79EFBC}") = "MDiceV2.Interfaces", "MDiceV2.Interfaces\MDiceV2.Interfaces.csproj", "{C651F751-3F04-4B4D-9BCB-DF2E8C4A8F22}"
EndProject
Project("{FAE04EC0-301F-11D3-BF4B-00C04F79EFBC}") = "CustomizedReply", "Mods\CustomizedReply\CustomizedReply.csproj", "{DB4E836A-BC55-4FEB-854C-367E8506CE4B}"
EndProject
Project("{FAE04EC0-301F-11D3-BF4B-00C04F79EFBC}") = "ABot", "Mods\ABot\ABot.csproj", "{5E46CA5E-0061-F067-17B7-DFA6F3758F45}"
	ProjectSection(ProjectDependencies) = postProject
		{8D35CA5E-0061-F067-17B7-DFA6F3758F45} = {8D35CA5E-0061-F067-17B7-DFA6F3758F45}
		{9D35CA5E-0061-F067-17B7-DFA6F3758F45} = {9D35CA5E-0061-F067-17B7-DFA6F3758F45}
	EndProjectSection
EndProject
Project("{8BC9CEB8-8B4A-11D0-8D11-00A0C91BC942}") = "ABot.Core", "ABot\ABot.Core\ABot.Core.vcxproj", "{8D35CA5E-0061-F067-17B7-DFA6F3758F45}"
EndProject
Project("{8BC9CEB8-8B4A-11D0-8D11-00A0C91BC942}") = "ABot.CLI", "ABot\ABot.CLI\ABot.CLI.vcxproj", "{9D35CA5E-0061-F067-17B7-DFA6F3758F45}"
EndProject
Project("{2150E333-8FDC-42A3-9474-1A3956D46DE8}") = "ABot", "ABot", "{3C2D5E7F-4A1B-44C8-9E5D-8F6B2A3C1D4E}"
EndProject
Project("{FAE04EC0-301F-11D3-BF4B-00C04F79EFBC}") = "ETBattleRelay", "Mods\ETBattleRelay\ETBattleRelay.csproj", "{905D7672-3A8A-4A41-9891-4B7EC8B5DA6F}"
EndProject
Project("{FAE04EC0-301F-11D3-BF4B-00C04F79EFBC}") = "ETBattleRelay.Tests", "Mods\ETBattleRelay.Tests\ETBattleRelay.Tests.csproj", "{B3E3F1ED-B50E-4BB4-ABC3-8FDBAEBFF9A0}"
EndProject
Global
	GlobalSection(SolutionConfigurationPlatforms) = preSolution
		Debug|Any CPU = Debug|Any CPU
		Debug|x64 = Debug|x64
		Debug|x86 = Debug|x86
		Release|Any CPU = Release|Any CPU
		Release|x64 = Release|x64
		Release|x86 = Release|x86
	EndGlobalSection
	GlobalSection(ProjectConfigurationPlatforms) = postSolution
		{1D35CA5E-0061-F067-17B7-DFA6F3758F45}.Debug|Any CPU.ActiveCfg = Debug|Any CPU
		{1D35CA5E-0061-F067-17B7-DFA6F3758F45}.Debug|Any CPU.Build.0 = Debug|Any CPU
		{1D35CA5E-0061-F067-17B7-DFA6F3758F45}.Debug|x64.ActiveCfg = Debug|Any CPU
		{1D35CA5E-0061-F067-17B7-DFA6F3758F45}.Debug|x64.Build.0 = Debug|Any CPU
		{1D35CA5E-0061-F067-17B7-DFA6F3758F45}.Debug|x86.ActiveCfg = Debug|Any CPU
		{1D35CA5E-0061-F067-17B7-DFA6F3758F45}.Debug|x86.Build.0 = Debug|Any CPU
		{1D35CA5E-0061-F067-17B7-DFA6F3758F45}.Release|Any CPU.ActiveCfg = Release|Any CPU
		{1D35CA5E-0061-F067-17B7-DFA6F3758F45}.Release|Any CPU.Build.0 = Release|Any CPU
		{1D35CA5E-0061-F067-17B7-DFA6F3758F45}.Release|x64.ActiveCfg = Release|Any CPU
		{1D35CA5E-0061-F067-17B7-DFA6F3758F45}.Release|x64.Build.0 = Release|Any CPU
		{1D35CA5E-0061-F067-17B7-DFA6F3758F45}.Release|x86.ActiveCfg = Release|Any CPU
		{1D35CA5E-0061-F067-17B7-DFA6F3758F45}.Release|x86.Build.0 = Release|Any CPU
		{3D35CA5E-0061-F067-17B7-DFA6F3758F45}.Debug|Any CPU.ActiveCfg = Debug|Any CPU
		{3D35CA5E-0061-F067-17B7-DFA6F3758F45}.Debug|Any CPU.Build.0 = Debug|Any CPU
		{3D35CA5E-0061-F067-17B7-DFA6F3758F45}.Debug|x64.ActiveCfg = Debug|Any CPU
		{3D35CA5E-0061-F067-17B7-DFA6F3758F45}.Debug|x64.Build.0 = Debug|Any CPU
		{3D35CA5E-0061-F067-17B7-DFA6F3758F45}.Debug|x86.ActiveCfg = Debug|Any CPU
		{3D35CA5E-0061-F067-17B7-DFA6F3758F45}.Debug|x86.Build.0 = Debug|Any CPU
		{3D35CA5E-0061-F067-17B7-DFA6F3758F45}.Release|Any CPU.ActiveCfg = Release|Any CPU
		{3D35CA5E-0061-F067-17B7-DFA6F3758F45}.Release|Any CPU.Build.0 = Release|Any CPU
		{3D35CA5E-0061-F067-17B7-DFA6F3758F45}.Release|x64.ActiveCfg = Release|Any CPU
		{3D35CA5E-0061-F067-17B7-DFA6F3758F45}.Release|x64.Build.0 = Release|Any CPU
		{3D35CA5E-0061-F067-17B7-DFA6F3758F45}.Release|x86.ActiveCfg = Release|Any CPU
		{3D35CA5E-0061-F067-17B7-DFA6F3758F45}.Release|x86.Build.0 = Release|Any CPU
		{4D35CA5E-0061-F067-17B7-DFA6F3758F45}.Debug|Any CPU.ActiveCfg = Debug|Any CPU
		{4D35CA5E-0061-F067-17B7-DFA6F3758F45}.Debug|Any CPU.Build.0 = Debug|Any CPU
		{4D35CA5E-0061-F067-17B7-DFA6F3758F45}.Debug|x64.ActiveCfg = Debug|Any CPU
		{4D35CA5E-0061-F067-17B7-DFA6F3758F45}.Debug|x64.Build.0 = Debug|Any CPU
		{4D35CA5E-0061-F067-17B7-DFA6F3758F45}.Debug|x86.ActiveCfg = Debug|Any CPU
		{4D35CA5E-0061-F067-17B7-DFA6F3758F45}.Debug|x86.Build.0 = Debug|Any CPU
		{4D35CA5E-0061-F067-17B7-DFA6F3758F45}.Release|Any CPU.ActiveCfg = Release|Any CPU
		{4D35CA5E-0061-F067-17B7-DFA6F3758F45}.Release|Any CPU.Build.0 = Release|Any CPU
		{4D35CA5E-0061-F067-17B7-DFA6F3758F45}.Release|x64.ActiveCfg = Release|Any CPU
		{4D35CA5E-0061-F067-17B7-DFA6F3758F45}.Release|x64.Build.0 = Release|Any CPU
		{4D35CA5E-0061-F067-17B7-DFA6F3758F45}.Release|x86.ActiveCfg = Release|Any CPU
		{4D35CA5E-0061-F067-17B7-DFA6F3758F45}.Release|x86.Build.0 = Release|Any CPU
		{5D35CA5E-0061-F067-17B7-DFA6F3758F45}.Debug|Any CPU.ActiveCfg = Debug|Any CPU
		{5D35CA5E-0061-F067-17B7-DFA6F3758F45}.Debug|Any CPU.Build.0 = Debug|Any CPU
		{5D35CA5E-0061-F067-17B7-DFA6F3758F45}.Debug|x64.ActiveCfg = Debug|Any CPU
		{5D35CA5E-0061-F067-17B7-DFA6F3758F45}.Debug|x64.Build.0 = Debug|Any CPU
		{5D35CA5E-0061-F067-17B7-DFA6F3758F45}.Debug|x86.ActiveCfg = Debug|Any CPU
		{5D35CA5E-0061-F067-17B7-DFA6F3758F45}.Debug|x86.Build.0 = Debug|Any CPU
		{5D35CA5E-0061-F067-17B7-DFA6F3758F45}.Release|Any CPU.ActiveCfg = Release|Any CPU
		{5D35CA5E-0061-F067-17B7-DFA6F3758F45}.Release|Any CPU.Build.0 = Release|Any CPU
		{5D35CA5E-0061-F067-17B7-DFA6F3758F45}.Release|x64.ActiveCfg = Release|Any CPU
		{5D35CA5E-0061-F067-17B7-DFA6F3758F45}.Release|x64.Build.0 = Release|Any CPU
		{5D35CA5E-0061-F067-17B7-DFA6F3758F45}.Release|x86.ActiveCfg = Release|Any CPU
		{5D35CA5E-0061-F067-17B7-DFA6F3758F45}.Release|x86.Build.0 = Release|Any CPU
		{6D35CA5E-0061-F067-17B7-DFA6F3758F45}.Debug|Any CPU.ActiveCfg = Debug|Any CPU
		{6D35CA5E-0061-F067-17B7-DFA6F3758F45}.Debug|Any CPU.Build.0 = Debug|Any CPU
		{6D35CA5E-0061-F067-17B7-DFA6F3758F45}.Debug|x64.ActiveCfg = Debug|Any CPU
		{6D35CA5E-0061-F067-17B7-DFA6F3758F45}.Debug|x64.Build.0 = Debug|Any CPU
		{6D35CA5E-0061-F067-17B7-DFA6F3758F45}.Debug|x86.ActiveCfg = Debug|Any CPU
		{6D35CA5E-0061-F067-17B7-DFA6F3758F45}.Debug|x86.Build.0 = Debug|Any CPU
		{6D35CA5E-0061-F067-17B7-DFA6F3758F45}.Release|Any CPU.ActiveCfg = Release|Any CPU
		{6D35CA5E-0061-F067-17B7-DFA6F3758F45}.Release|Any CPU.Build.0 = Release|Any CPU
		{6D35CA5E-0061-F067-17B7-DFA6F3758F45}.Release|x64.ActiveCfg = Release|Any CPU
		{6D35CA5E-0061-F067-17B7-DFA6F3758F45}.Release|x64.Build.0 = Release|Any CPU
		{6D35CA5E-0061-F067-17B7-DFA6F3758F45}.Release|x86.ActiveCfg = Release|Any CPU
		{6D35CA5E-0061-F067-17B7-DFA6F3758F45}.Release|x86.Build.0 = Release|Any CPU
		{7544B6AE-E6F3-46AB-A057-772F759DB4FC}.Debug|Any CPU.ActiveCfg = Debug|Any CPU
		{7544B6AE-E6F3-46AB-A057-772F759DB4FC}.Debug|Any CPU.Build.0 = Debug|Any CPU
		{7544B6AE-E6F3-46AB-A057-772F759DB4FC}.Debug|x64.ActiveCfg = Debug|Any CPU
		{7544B6AE-E6F3-46AB-A057-772F759DB4FC}.Debug|x64.Build.0 = Debug|Any CPU
		{7544B6AE-E6F3-46AB-A057-772F759DB4FC}.Debug|x86.ActiveCfg = Debug|Any CPU
		{7544B6AE-E6F3-46AB-A057-772F759DB4FC}.Debug|x86.Build.0 = Debug|Any CPU
		{7544B6AE-E6F3-46AB-A057-772F759DB4FC}.Release|Any CPU.ActiveCfg = Release|Any CPU
		{7544B6AE-E6F3-46AB-A057-772F759DB4FC}.Release|Any CPU.Build.0 = Release|Any CPU
		{7544B6AE-E6F3-46AB-A057-772F759DB4FC}.Release|x64.ActiveCfg = Release|Any CPU
		{7544B6AE-E6F3-46AB-A057-772F759DB4FC}.Release|x64.Build.0 = Release|Any CPU
		{7544B6AE-E6F3-46AB-A057-772F759DB4FC}.Release|x86.ActiveCfg = Release|Any CPU
		{7544B6AE-E6F3-46AB-A057-772F759DB4FC}.Release|x86.Build.0 = Release|Any CPU
		{C651F751-3F04-4B4D-9BCB-DF2E8C4A8F22}.Debug|Any CPU.ActiveCfg = Debug|Any CPU
		{C651F751-3F04-4B4D-9BCB-DF2E8C4A8F22}.Debug|Any CPU.Build.0 = Debug|Any CPU
		{C651F751-3F04-4B4D-9BCB-DF2E8C4A8F22}.Debug|x64.ActiveCfg = Debug|Any CPU
		{C651F751-3F04-4B4D-9BCB-DF2E8C4A8F22}.Debug|x64.Build.0 = Debug|Any CPU
		{C651F751-3F04-4B4D-9BCB-DF2E8C4A8F22}.Debug|x86.ActiveCfg = Debug|Any CPU
		{C651F751-3F04-4B4D-9BCB-DF2E8C4A8F22}.Debug|x86.Build.0 = Debug|Any CPU
		{C651F751-3F04-4B4D-9BCB-DF2E8C4A8F22}.Release|Any CPU.ActiveCfg = Release|Any CPU
		{C651F751-3F04-4B4D-9BCB-DF2E8C4A8F22}.Release|Any CPU.Build.0 = Release|Any CPU
		{C651F751-3F04-4B4D-9BCB-DF2E8C4A8F22}.Release|x64.ActiveCfg = Release|Any CPU
		{C651F751-3F04-4B4D-9BCB-DF2E8C4A8F22}.Release|x64.Build.0 = Release|Any CPU
		{C651F751-3F04-4B4D-9BCB-DF2E8C4A8F22}.Release|x86.ActiveCfg = Release|Any CPU
		{C651F751-3F04-4B4D-9BCB-DF2E8C4A8F22}.Release|x86.Build.0 = Release|Any CPU
		{DB4E836A-BC55-4FEB-854C-367E8506CE4B}.Debug|Any CPU.ActiveCfg = Debug|Any CPU
		{DB4E836A-BC55-4FEB-854C-367E8506CE4B}.Debug|Any CPU.Build.0 = Debug|Any CPU
		{DB4E836A-BC55-4FEB-854C-367E8506CE4B}.Debug|x64.ActiveCfg = Debug|Any CPU
		{DB4E836A-BC55-4FEB-854C-367E8506CE4B}.Debug|x64.Build.0 = Debug|Any CPU
		{DB4E836A-BC55-4FEB-854C-367E8506CE4B}.Debug|x86.ActiveCfg = Debug|Any CPU
		{DB4E836A-BC55-4FEB-854C-367E8506CE4B}.Debug|x86.Build.0 = Debug|Any CPU
		{DB4E836A-BC55-4FEB-854C-367E8506CE4B}.Release|Any CPU.ActiveCfg = Release|Any CPU
		{DB4E836A-BC55-4FEB-854C-367E8506CE4B}.Release|Any CPU.Build.0 = Release|Any CPU
		{DB4E836A-BC55-4FEB-854C-367E8506CE4B}.Release|x64.ActiveCfg = Release|Any CPU
		{DB4E836A-BC55-4FEB-854C-367E8506CE4B}.Release|x64.Build.0 = Release|Any CPU
		{DB4E836A-BC55-4FEB-854C-367E8506CE4B}.Release|x86.ActiveCfg = Release|Any CPU
		{DB4E836A-BC55-4FEB-854C-367E8506CE4B}.Release|x86.Build.0 = Release|Any CPU
		{5E46CA5E-0061-F067-17B7-DFA6F3758F45}.Debug|Any CPU.ActiveCfg = Debug|Any CPU
		{5E46CA5E-0061-F067-17B7-DFA6F3758F45}.Debug|x64.ActiveCfg = Debug|Any CPU
		{5E46CA5E-0061-F067-17B7-DFA6F3758F45}.Debug|x64.Build.0 = Debug|Any CPU
		{5E46CA5E-0061-F067-17B7-DFA6F3758F45}.Debug|x86.ActiveCfg = Debug|Any CPU
		{5E46CA5E-0061-F067-17B7-DFA6F3758F45}.Debug|x86.Build.0 = Debug|Any CPU
		{5E46CA5E-0061-F067-17B7-DFA6F3758F45}.Release|Any CPU.ActiveCfg = Release|Any CPU
		{5E46CA5E-0061-F067-17B7-DFA6F3758F45}.Release|Any CPU.Build.0 = Release|Any CPU
		{5E46CA5E-0061-F067-17B7-DFA6F3758F45}.Release|x64.ActiveCfg = Release|Any CPU
		{5E46CA5E-0061-F067-17B7-DFA6F3758F45}.Release|x64.Build.0 = Release|Any CPU
		{5E46CA5E-0061-F067-17B7-DFA6F3758F45}.Release|x86.ActiveCfg = Release|Any CPU
		{5E46CA5E-0061-F067-17B7-DFA6F3758F45}.Release|x86.Build.0 = Release|Any CPU
		{8D35CA5E-0061-F067-17B7-DFA6F3758F45}.Debug|Any CPU.ActiveCfg = Debug|x64
		{8D35CA5E-0061-F067-17B7-DFA6F3758F45}.Debug|Any CPU.Build.0 = Debug|x64
		{8D35CA5E-0061-F067-17B7-DFA6F3758F45}.Debug|x64.ActiveCfg = Debug|x64
		{8D35CA5E-0061-F067-17B7-DFA6F3758F45}.Debug|x64.Build.0 = Debug|x64
		{8D35CA5E-0061-F067-17B7-DFA6F3758F45}.Debug|x86.ActiveCfg = Debug|Win32
		{8D35CA5E-0061-F067-17B7-DFA6F3758F45}.Debug|x86.Build.0 = Debug|Win32
		{8D35CA5E-0061-F067-17B7-DFA6F3758F45}.Release|Any CPU.ActiveCfg = Release|x64
		{8D35CA5E-0061-F067-17B7-DFA6F3758F45}.Release|Any CPU.Build.0 = Release|x64
		{8D35CA5E-0061-F067-17B7-DFA6F3758F45}.Release|x64.ActiveCfg = Release|x64
		{8D35CA5E-0061-F067-17B7-DFA6F3758F45}.Release|x64.Build.0 = Release|x64
		{8D35CA5E-0061-F067-17B7-DFA6F3758F45}.Release|x86.ActiveCfg = Release|Win32
		{8D35CA5E-0061-F067-17B7-DFA6F3758F45}.Release|x86.Build.0 = Release|Win32
		{9D35CA5E-0061-F067-17B7-DFA6F3758F45}.Debug|Any CPU.ActiveCfg = Debug|x64
		{9D35CA5E-0061-F067-17B7-DFA6F3758F45}.Debug|Any CPU.Build.0 = Debug|x64
		{9D35CA5E-0061-F067-17B7-DFA6F3758F45}.Debug|x64.ActiveCfg = Debug|x64
		{9D35CA5E-0061-F067-17B7-DFA6F3758F45}.Debug|x64.Build.0 = Debug|x64
		{9D35CA5E-0061-F067-17B7-DFA6F3758F45}.Debug|x86.ActiveCfg = Debug|Win32
		{9D35CA5E-0061-F067-17B7-DFA6F3758F45}.Debug|x86.Build.0 = Debug|Win32
		{9D35CA5E-0061-F067-17B7-DFA6F3758F45}.Release|Any CPU.ActiveCfg = Release|x64
		{9D35CA5E-0061-F067-17B7-DFA6F3758F45}.Release|Any CPU.Build.0 = Release|x64
		{9D35CA5E-0061-F067-17B7-DFA6F3758F45}.Release|x64.ActiveCfg = Release|x64
		{9D35CA5E-0061-F067-17B7-DFA6F3758F45}.Release|x64.Build.0 = Release|x64
		{9D35CA5E-0061-F067-17B7-DFA6F3758F45}.Release|x86.ActiveCfg = Release|Win32
		{9D35CA5E-0061-F067-17B7-DFA6F3758F45}.Release|x86.Build.0 = Release|Win32
		{905D7672-3A8A-4A41-9891-4B7EC8B5DA6F}.Debug|Any CPU.ActiveCfg = Debug|Any CPU
		{905D7672-3A8A-4A41-9891-4B7EC8B5DA6F}.Debug|Any CPU.Build.0 = Debug|Any CPU
		{905D7672-3A8A-4A41-9891-4B7EC8B5DA6F}.Debug|x64.ActiveCfg = Debug|Any CPU
		{905D7672-3A8A-4A41-9891-4B7EC8B5DA6F}.Debug|x64.Build.0 = Debug|Any CPU
		{905D7672-3A8A-4A41-9891-4B7EC8B5DA6F}.Debug|x86.ActiveCfg = Debug|Any CPU
		{905D7672-3A8A-4A41-9891-4B7EC8B5DA6F}.Debug|x86.Build.0 = Debug|Any CPU
		{905D7672-3A8A-4A41-9891-4B7EC8B5DA6F}.Release|Any CPU.ActiveCfg = Release|Any CPU
		{905D7672-3A8A-4A41-9891-4B7EC8B5DA6F}.Release|Any CPU.Build.0 = Release|Any CPU
		{905D7672-3A8A-4A41-9891-4B7EC8B5DA6F}.Release|x64.ActiveCfg = Release|Any CPU
		{905D7672-3A8A-4A41-9891-4B7EC8B5DA6F}.Release|x64.Build.0 = Release|Any CPU
		{905D7672-3A8A-4A41-9891-4B7EC8B5DA6F}.Release|x86.ActiveCfg = Release|Any CPU
		{905D7672-3A8A-4A41-9891-4B7EC8B5DA6F}.Release|x86.Build.0 = Release|Any CPU
		{B3E3F1ED-B50E-4BB4-ABC3-8FDBAEBFF9A0}.Debug|Any CPU.ActiveCfg = Debug|Any CPU
		{B3E3F1ED-B50E-4BB4-ABC3-8FDBAEBFF9A0}.Debug|Any CPU.Build.0 = Debug|Any CPU
		{B3E3F1ED-B50E-4BB4-ABC3-8FDBAEBFF9A0}.Debug|x64.ActiveCfg = Debug|Any CPU
		{B3E3F1ED-B50E-4BB4-ABC3-8FDBAEBFF9A0}.Debug|x64.Build.0 = Debug|Any CPU
		{B3E3F1ED-B50E-4BB4-ABC3-8FDBAEBFF9A0}.Debug|x86.ActiveCfg = Debug|Any CPU
		{B3E3F1ED-B50E-4BB4-ABC3-8FDBAEBFF9A0}.Debug|x86.Build.0 = Debug|Any CPU
		{B3E3F1ED-B50E-4BB4-ABC3-8FDBAEBFF9A0}.Release|Any CPU.ActiveCfg = Release|Any CPU
		{B3E3F1ED-B50E-4BB4-ABC3-8FDBAEBFF9A0}.Release|Any CPU.Build.0 = Release|Any CPU
		{B3E3F1ED-B50E-4BB4-ABC3-8FDBAEBFF9A0}.Release|x64.ActiveCfg = Release|Any CPU
		{B3E3F1ED-B50E-4BB4-ABC3-8FDBAEBFF9A0}.Release|x64.Build.0 = Release|Any CPU
		{B3E3F1ED-B50E-4BB4-ABC3-8FDBAEBFF9A0}.Release|x86.ActiveCfg = Release|Any CPU
		{B3E3F1ED-B50E-4BB4-ABC3-8FDBAEBFF9A0}.Release|x86.Build.0 = Release|Any CPU
	EndGlobalSection
	GlobalSection(SolutionProperties) = preSolution
		HideSolutionNode = FALSE
	EndGlobalSection
	GlobalSection(NestedProjects) = preSolution
		{7544B6AE-E6F3-46AB-A057-772F759DB4FC} = {ED7DE66D-1FF1-BCCD-393E-2D4AFCA661A0}
		{DB4E836A-BC55-4FEB-854C-367E8506CE4B} = {ED7DE66D-1FF1-BCCD-393E-2D4AFCA661A0}
		{5E46CA5E-0061-F067-17B7-DFA6F3758F45} = {ED7DE66D-1FF1-BCCD-393E-2D4AFCA661A0}
		{8D35CA5E-0061-F067-17B7-DFA6F3758F45} = {3C2D5E7F-4A1B-44C8-9E5D-8F6B2A3C1D4E}
		{9D35CA5E-0061-F067-17B7-DFA6F3758F45} = {3C2D5E7F-4A1B-44C8-9E5D-8F6B2A3C1D4E}
		{905D7672-3A8A-4A41-9891-4B7EC8B5DA6F} = {ED7DE66D-1FF1-BCCD-393E-2D4AFCA661A0}
		{B3E3F1ED-B50E-4BB4-ABC3-8FDBAEBFF9A0} = {ED7DE66D-1FF1-BCCD-393E-2D4AFCA661A0}
	EndGlobalSection
	GlobalSection(ExtensibilityGlobals) = postSolution
		SolutionGuid = {5D5174A2-7EFE-45BF-A2B5-56B3C4EB4031}
	EndGlobalSection
EndGlobal
